{
    "name": "sharepoint-extractor",
    "version": "2.2.3",
    "lockfileVersion": 1,
    "requires": true,
    "dependencies": {
        "@types/bluebird": {
            "version": "3.5.21",
            "resolved": "https://registry.npmjs.org/@types/bluebird/-/bluebird-3.5.21.tgz",
            "integrity": "sha512-6UNEwyw+6SGMC/WMI0ld0PS4st7Qq51qgguFrFizOSpGvZiqe9iswztFSdZvwJBEhLOy2JaxNE6VC7yMAlbfyQ=="
        },
        "@types/caseless": {
            "version": "0.12.1",
            "resolved": "https://registry.npmjs.org/@types/caseless/-/caseless-0.12.1.tgz",
            "integrity": "sha512-FhlMa34NHp9K5MY1Uz8yb+ZvuX0pnvn3jScRSNAb75KHGB8d3rEU6hqMs3Z2vjuytcMfRg6c5CHMc3wtYyD2/A=="
        },
        "@types/cookie": {
            "version": "0.1.29",
            "resolved": "https://registry.npmjs.org/@types/cookie/-/cookie-0.1.29.tgz",
            "integrity": "sha1-kyRoBUXAx7HcbCWMtG8yt4R1s6w="
        },
        "@types/core-js": {
            "version": "0.9.46",
            "resolved": "https://registry.npmjs.org/@types/core-js/-/core-js-0.9.46.tgz",
            "integrity": "sha512-LooLR6XHes9V+kNYRz1Qm8w3atw9QMn7XeZUmIpUelllF9BdryeUKd/u0Wh5ErcjpWfG39NrToU9MF7ngsTFVw=="
        },
        "@types/form-data": {
            "version": "2.2.1",
            "resolved": "https://registry.npmjs.org/@types/form-data/-/form-data-2.2.1.tgz",
            "integrity": "sha512-JAMFhOaHIciYVh8fb5/83nmuO/AHwmto+Hq7a9y8FzLDcC1KCU344XDOMEmahnrTFlHjgh4L0WJFczNIX2GxnQ==",
            "requires": {
                "@types/node": "*"
            }
        },
        "@types/jsonwebtoken": {
            "version": "7.2.8",
            "resolved": "https://registry.npmjs.org/@types/jsonwebtoken/-/jsonwebtoken-7.2.8.tgz",
            "integrity": "sha512-XENN3YzEB8D6TiUww0O8SRznzy1v+77lH7UmuN54xq/IHIsyWjWOzZuFFTtoiRuaE782uAoRwBe/wwow+vQXZw==",
            "requires": {
                "@types/node": "*"
            }
        },
        "@types/lodash": {
            "version": "4.14.110",
            "resolved": "https://registry.npmjs.org/@types/lodash/-/lodash-4.14.110.tgz",
            "integrity": "sha512-iXYLa6olt4tnsCA+ZXeP6eEW3tk1SulWeYyP/yooWfAtXjozqXgtX4+XUtMuOCfYjKGz3F34++qUc3Q+TJuIIw=="
        },
        "@types/node": {
            "version": "6.0.113",
            "resolved": "https://registry.npmjs.org/@types/node/-/node-6.0.113.tgz",
            "integrity": "sha512-f9XXUWFqryzjkZA1EqFvJHSFyqyasV17fq8zCDIzbRV4ctL7RrJGKvG+lcex86Rjbzd1GrER9h9VmF5sSjV0BQ=="
        },
        "@types/request": {
            "version": "2.47.1",
            "resolved": "https://registry.npmjs.org/@types/request/-/request-2.47.1.tgz",
            "integrity": "sha512-TV3XLvDjQbIeVxJ1Z3oCTDk/KuYwwcNKVwz2YaT0F5u86Prgc4syDAp6P96rkTQQ4bIdh+VswQIC9zS6NjY7/g==",
            "requires": {
                "@types/caseless": "*",
                "@types/form-data": "*",
                "@types/node": "*",
                "@types/tough-cookie": "*"
            }
        },
        "@types/request-promise": {
            "version": "4.1.41",
            "resolved": "https://registry.npmjs.org/@types/request-promise/-/request-promise-4.1.41.tgz",
            "integrity": "sha512-qlx6COxSTdSFHY9oX9v2zL1I05hgz5lwqYiXa2SFL2nDxAiG5KK8rnllLBH7k6OqzS3Ck0bWbxlGVdrZhS6oNw==",
            "requires": {
                "@types/bluebird": "*",
                "@types/request": "*"
            }
        },
        "@types/tough-cookie": {
            "version": "2.3.3",
            "resolved": "https://registry.npmjs.org/@types/tough-cookie/-/tough-cookie-2.3.3.tgz",
            "integrity": "sha512-MDQLxNFRLasqS4UlkWMSACMKeSm1x4Q3TxzUC7KQUsh6RK1ZrQ0VEyE3yzXcBu+K8ejVj4wuX32eUG02yNp+YQ=="
        },
        "ajv": {
            "version": "5.5.2",
            "resolved": "https://registry.npmjs.org/ajv/-/ajv-5.5.2.tgz",
            "integrity": "sha1-c7Xuyj+rZT49P5Qis0GtQiBdyWU=",
            "requires": {
                "co": "^4.6.0",
                "fast-deep-equal": "^1.0.0",
                "fast-json-stable-stringify": "^2.0.0",
                "json-schema-traverse": "^0.3.0"
            }
        },
        "ansi-escapes": {
            "version": "3.1.0",
            "resolved": "https://registry.npmjs.org/ansi-escapes/-/ansi-escapes-3.1.0.tgz",
            "integrity": "sha512-UgAb8H9D41AQnu/PbWlCofQVcnV4Gs2bBJi9eZPxfU/hgglFh3SMDMENRIqdr7H6XFnXdoknctFByVsCOotTVw=="
        },
        "ansi-regex": {
            "version": "3.0.0",
            "resolved": "https://registry.npmjs.org/ansi-regex/-/ansi-regex-3.0.0.tgz",
            "integrity": "sha1-7QMXwyIGT3lGbAKWa922Bas32Zg="
        },
        "ansi-styles": {
            "version": "3.2.1",
            "resolved": "https://registry.npmjs.org/ansi-styles/-/ansi-styles-3.2.1.tgz",
            "integrity": "sha512-VT0ZI6kZRdTh8YyJw3SMbYm/u+NqfsAxEpWO0Pf9sq8/e94WxxOpPKx9FR1FlyCtOVDNOQ+8ntlqFxiRc+r5qA==",
            "requires": {
                "color-convert": "^1.9.0"
            }
        },
        "asn1": {
            "version": "0.2.3",
            "resolved": "https://registry.npmjs.org/asn1/-/asn1-0.2.3.tgz",
            "integrity": "sha1-2sh4dxPJlmhJ/IGAd36+nB3fO4Y="
        },
        "assert-plus": {
            "version": "1.0.0",
            "resolved": "https://registry.npmjs.org/assert-plus/-/assert-plus-1.0.0.tgz",
            "integrity": "sha1-8S4PPF13sLHN2RRpQuTpbB5N1SU="
        },
        "asynckit": {
            "version": "0.4.0",
            "resolved": "https://registry.npmjs.org/asynckit/-/asynckit-0.4.0.tgz",
            "integrity": "sha1-x57Zf380y48robyXkLzDZkdLS3k="
        },
        "aws-sign2": {
            "version": "0.7.0",
            "resolved": "https://registry.npmjs.org/aws-sign2/-/aws-sign2-0.7.0.tgz",
            "integrity": "sha1-tG6JCTSpWR8tL2+G1+ap8bP+dqg="
        },
        "aws4": {
            "version": "1.7.0",
            "resolved": "https://registry.npmjs.org/aws4/-/aws4-1.7.0.tgz",
            "integrity": "sha512-32NDda82rhwD9/JBCCkB+MRYDp0oSvlo2IL6rQWA10PQi7tDUM3eqMSltXmY+Oyl/7N3P3qNtAlv7X0d9bI28w=="
        },
        "bcrypt-pbkdf": {
            "version": "1.0.2",
            "resolved": "https://registry.npmjs.org/bcrypt-pbkdf/-/bcrypt-pbkdf-1.0.2.tgz",
            "integrity": "sha1-pDAdOJtqQ/m2f/PKEaP2Y342Dp4=",
            "optional": true,
            "requires": {
                "tweetnacl": "^0.14.3"
            }
        },
        "bluebird": {
            "version": "3.5.1",
            "resolved": "https://registry.npmjs.org/bluebird/-/bluebird-3.5.1.tgz",
            "integrity": "sha512-MKiLiV+I1AA596t9w1sQJ8jkiSr5+ZKi0WKrYGUn6d1Fx+Ij4tIj+m2WMQSGczs5jZVxV339chE8iwk6F64wjA=="
        },
        "buffer-equal-constant-time": {
            "version": "1.0.1",
            "resolved": "https://registry.npmjs.org/buffer-equal-constant-time/-/buffer-equal-constant-time-1.0.1.tgz",
            "integrity": "sha1-+OcRMvf/5uAaXJaXpMbz5I1cyBk="
        },
        "caseless": {
            "version": "0.12.0",
            "resolved": "https://registry.npmjs.org/caseless/-/caseless-0.12.0.tgz",
            "integrity": "sha1-G2gcIf+EAzyCZUMJBolCDRhxUdw="
        },
        "chalk": {
            "version": "2.4.1",
            "resolved": "https://registry.npmjs.org/chalk/-/chalk-2.4.1.tgz",
            "integrity": "sha512-ObN6h1v2fTJSmUXoS3nMQ92LbDK9be4TV+6G+omQlGJFdcUX5heKi1LZ1YnRMIgwTLEj3E24bT6tYni50rlCfQ==",
            "requires": {
                "ansi-styles": "^3.2.1",
                "escape-string-regexp": "^1.0.5",
                "supports-color": "^5.3.0"
            }
        },
        "chardet": {
            "version": "0.5.0",
            "resolved": "https://registry.npmjs.org/chardet/-/chardet-0.5.0.tgz",
            "integrity": "sha512-9ZTaoBaePSCFvNlNGrsyI8ZVACP2svUtq0DkM7t4K2ClAa96sqOIRjAzDTc8zXzFt1cZR46rRzLTiHFSJ+Qw0g=="
        },
        "cli-cursor": {
            "version": "2.1.0",
            "resolved": "https://registry.npmjs.org/cli-cursor/-/cli-cursor-2.1.0.tgz",
            "integrity": "sha1-s12sN2R5+sw+lHR9QdDQ9SOP/LU=",
            "requires": {
                "restore-cursor": "^2.0.0"
            }
        },
        "cli-width": {
            "version": "2.2.0",
            "resolved": "https://registry.npmjs.org/cli-width/-/cli-width-2.2.0.tgz",
            "integrity": "sha1-/xnt6Kml5XkyQUewwR8PvLq+1jk="
        },
        "co": {
            "version": "4.6.0",
            "resolved": "https://registry.npmjs.org/co/-/co-4.6.0.tgz",
            "integrity": "sha1-bqa989hTrlTMuOR7+gvz+QMfsYQ="
        },
        "color-convert": {
            "version": "1.9.2",
            "resolved": "https://registry.npmjs.org/color-convert/-/color-convert-1.9.2.tgz",
            "integrity": "sha512-3NUJZdhMhcdPn8vJ9v2UQJoH0qqoGUkYTgFEPZaPjEtwmmKUfNV46zZmgB2M5M4DCEQHMaCfWHCxiBflLm04Tg==",
            "requires": {
                "color-name": "1.1.1"
            }
        },
        "color-name": {
            "version": "1.1.1",
            "resolved": "https://registry.npmjs.org/color-name/-/color-name-1.1.1.tgz",
            "integrity": "sha1-SxQVMEz1ACjqgWQ2Q72C6gWANok="
        },
        "colors": {
            "version": "1.3.0",
            "resolved": "https://registry.npmjs.org/colors/-/colors-1.3.0.tgz",
            "integrity": "sha512-EDpX3a7wHMWFA7PUHWPHNWqOxIIRSJetuwl0AS5Oi/5FMV8kWm69RTlgm00GKjBO1xFHMtBbL49yRtMMdticBw=="
        },
        "combined-stream": {
            "version": "1.0.6",
            "resolved": "https://registry.npmjs.org/combined-stream/-/combined-stream-1.0.6.tgz",
            "integrity": "sha1-cj599ugBrFYTETp+RFqbactjKBg=",
            "requires": {
                "delayed-stream": "~1.0.0"
            }
        },
        "commander": {
            "version": "2.16.0",
            "resolved": "https://registry.npmjs.org/commander/-/commander-2.16.0.tgz",
            "integrity": "sha512-sVXqklSaotK9at437sFlFpyOcJonxe0yST/AG9DkQKUdIE6IqGIMv4SfAQSKaJbSdVEJYItASCrBiVQHq1HQew=="
        },
        "cookie": {
            "version": "0.3.1",
            "resolved": "https://registry.npmjs.org/cookie/-/cookie-0.3.1.tgz",
            "integrity": "sha1-5+Ch+e9DtMi6klxcWpboBtFoc7s="
        },
        "core-util-is": {
            "version": "1.0.2",
            "resolved": "https://registry.npmjs.org/core-util-is/-/core-util-is-1.0.2.tgz",
            "integrity": "sha1-tf1UIgqivFq1eqtxQMlAdUUDwac="
        },
        "cpass": {
            "version": "2.0.4",
            "resolved": "https://registry.npmjs.org/cpass/-/cpass-2.0.4.tgz",
            "integrity": "sha512-QN8hvKkgHUfg1FwMvRBOdcHMwk7ZvVuKCQVcX7gyZpVa6AyuwSY/4h9SHmQdBqh0vgMoiQF597PX1eZ9wKrbXg==",
            "requires": {
                "os": "^0.1.1",
                "simple-encryptor": "^1.4.0"
            }
        },
        "dashdash": {
            "version": "1.14.1",
            "resolved": "https://registry.npmjs.org/dashdash/-/dashdash-1.14.1.tgz",
            "integrity": "sha1-hTz6D3y+L+1d4gMmuN1YEDX24vA=",
            "requires": {
                "assert-plus": "^1.0.0"
            }
        },
        "delayed-stream": {
            "version": "1.0.0",
            "resolved": "https://registry.npmjs.org/delayed-stream/-/delayed-stream-1.0.0.tgz",
            "integrity": "sha1-3zrhmayt+31ECqrgsp4icrJOxhk="
        },
        "ecc-jsbn": {
            "version": "0.1.1",
            "resolved": "https://registry.npmjs.org/ecc-jsbn/-/ecc-jsbn-0.1.1.tgz",
            "integrity": "sha1-D8c6ntXw1Tw4GTOYUj735UN3dQU=",
            "optional": true,
            "requires": {
                "jsbn": "~0.1.0"
            }
        },
        "ecdsa-sig-formatter": {
            "version": "1.0.10",
            "resolved": "https://registry.npmjs.org/ecdsa-sig-formatter/-/ecdsa-sig-formatter-1.0.10.tgz",
            "integrity": "sha1-HFlQAPBKiJffuFAAiSoPTDOvhsM=",
            "requires": {
                "safe-buffer": "^5.0.1"
            }
        },
        "escape-string-regexp": {
            "version": "1.0.5",
            "resolved": "https://registry.npmjs.org/escape-string-regexp/-/escape-string-regexp-1.0.5.tgz",
            "integrity": "sha1-G2HAViGQqN/2rjuyzwIAyhMLhtQ="
        },
        "extend": {
            "version": "3.0.1",
            "resolved": "https://registry.npmjs.org/extend/-/extend-3.0.1.tgz",
            "integrity": "sha1-p1Xqe8Gt/MWjHOfnYtuq3F5jZEQ="
        },
        "external-editor": {
            "version": "3.0.0",
            "resolved": "https://registry.npmjs.org/external-editor/-/external-editor-3.0.0.tgz",
            "integrity": "sha512-mpkfj0FEdxrIhOC04zk85X7StNtr0yXnG7zCb+8ikO8OJi2jsHh5YGoknNTyXgsbHOf1WOOcVU3kPFWT2WgCkQ==",
            "requires": {
                "chardet": "^0.5.0",
                "iconv-lite": "^0.4.22",
                "tmp": "^0.0.33"
            }
        },
        "extsprintf": {
            "version": "1.3.0",
            "resolved": "https://registry.npmjs.org/extsprintf/-/extsprintf-1.3.0.tgz",
            "integrity": "sha1-lpGEQOMEGnpBT4xS48V06zw+HgU="
        },
        "fast-deep-equal": {
            "version": "1.1.0",
            "resolved": "https://registry.npmjs.org/fast-deep-equal/-/fast-deep-equal-1.1.0.tgz",
            "integrity": "sha1-wFNHeBfIa1HaqFPIHgWbcz0CNhQ="
        },
        "fast-json-stable-stringify": {
            "version": "2.0.0",
            "resolved": "https://registry.npmjs.org/fast-json-stable-stringify/-/fast-json-stable-stringify-2.0.0.tgz",
            "integrity": "sha1-1RQsDK7msRifh9OnYREGT4bIu/I="
        },
        "figures": {
            "version": "2.0.0",
            "resolved": "https://registry.npmjs.org/figures/-/figures-2.0.0.tgz",
            "integrity": "sha1-OrGi0qYsi/tDGgyUy3l6L84nyWI=",
            "requires": {
                "escape-string-regexp": "^1.0.5"
            }
        },
        "forever-agent": {
            "version": "0.6.1",
            "resolved": "https://registry.npmjs.org/forever-agent/-/forever-agent-0.6.1.tgz",
            "integrity": "sha1-+8cfDEGt6zf5bFd60e1C2P2sypE="
        },
        "form-data": {
            "version": "2.3.2",
            "resolved": "https://registry.npmjs.org/form-data/-/form-data-2.3.2.tgz",
            "integrity": "sha1-SXBJi+YEwgwAXU9cI67NIda0kJk=",
            "requires": {
                "asynckit": "^0.4.0",
                "combined-stream": "1.0.6",
                "mime-types": "^2.1.12"
            }
        },
        "getpass": {
            "version": "0.1.7",
            "resolved": "https://registry.npmjs.org/getpass/-/getpass-0.1.7.tgz",
            "integrity": "sha1-Xv+OPmhNVprkyysSgmBOi6YhSfo=",
            "requires": {
                "assert-plus": "^1.0.0"
            }
        },
        "har-schema": {
            "version": "2.0.0",
            "resolved": "https://registry.npmjs.org/har-schema/-/har-schema-2.0.0.tgz",
            "integrity": "sha1-qUwiJOvKwEeCoNkDVSHyRzW37JI="
        },
        "har-validator": {
            "version": "5.0.3",
            "resolved": "https://registry.npmjs.org/har-validator/-/har-validator-5.0.3.tgz",
            "integrity": "sha1-ukAsJmGU8VlW7xXg/PJCmT9qff0=",
            "requires": {
                "ajv": "^5.1.0",
                "har-schema": "^2.0.0"
            }
        },
        "has-flag": {
            "version": "3.0.0",
            "resolved": "https://registry.npmjs.org/has-flag/-/has-flag-3.0.0.tgz",
            "integrity": "sha1-tdRU3CGZriJWmfNGfloH87lVuv0="
        },
        "http-signature": {
            "version": "1.2.0",
            "resolved": "https://registry.npmjs.org/http-signature/-/http-signature-1.2.0.tgz",
            "integrity": "sha1-muzZJRFHcvPZW2WmCruPfBj7rOE=",
            "requires": {
                "assert-plus": "^1.0.0",
                "jsprim": "^1.2.2",
                "sshpk": "^1.7.0"
            }
        },
        "iconv-lite": {
            "version": "0.4.23",
            "resolved": "https://registry.npmjs.org/iconv-lite/-/iconv-lite-0.4.23.tgz",
            "integrity": "sha512-neyTUVFtahjf0mB3dZT77u+8O0QB89jFdnBkd5P1JgYPbPaia3gXXOVL2fq8VyU2gMMD7SaN7QukTB/pmXYvDA==",
            "requires": {
                "safer-buffer": ">= 2.1.2 < 3"
            }
        },
        "inquirer": {
            "version": "6.0.0",
            "resolved": "https://registry.npmjs.org/inquirer/-/inquirer-6.0.0.tgz",
            "integrity": "sha512-tISQWRwtcAgrz+SHPhTH7d3e73k31gsOy6i1csonLc0u1dVK/wYvuOnFeiWqC5OXFIYbmrIFInef31wbT8MEJg==",
            "requires": {
                "ansi-escapes": "^3.0.0",
                "chalk": "^2.0.0",
                "cli-cursor": "^2.1.0",
                "cli-width": "^2.0.0",
                "external-editor": "^3.0.0",
                "figures": "^2.0.0",
                "lodash": "^4.3.0",
                "mute-stream": "0.0.7",
                "run-async": "^2.2.0",
                "rxjs": "^6.1.0",
                "string-width": "^2.1.0",
                "strip-ansi": "^4.0.0",
                "through": "^2.3.6"
            }
        },
        "is-fullwidth-code-point": {
            "version": "2.0.0",
            "resolved": "https://registry.npmjs.org/is-fullwidth-code-point/-/is-fullwidth-code-point-2.0.0.tgz",
            "integrity": "sha1-o7MKXE8ZkYMWeqq5O+764937ZU8="
        },
        "is-number": {
            "version": "7.0.0",
            "resolved": "https://registry.npmjs.org/is-number/-/is-number-7.0.0.tgz",
            "integrity": "sha512-41Cifkg6e8TylSpdtTpeLVMqvSBEVzTttHvERD741+pnZ8ANv0004MRL43QKPDlK9cGvNp6NZWZUBlbGXYxxng=="
        },
        "is-promise": {
            "version": "2.1.0",
            "resolved": "https://registry.npmjs.org/is-promise/-/is-promise-2.1.0.tgz",
            "integrity": "sha1-eaKp7OfwlugPNtKy87wWwf9L8/o="
        },
        "is-typedarray": {
            "version": "1.0.0",
            "resolved": "https://registry.npmjs.org/is-typedarray/-/is-typedarray-1.0.0.tgz",
            "integrity": "sha1-5HnICFjfDBsR3dppQPlgEfzaSpo="
        },
        "isstream": {
            "version": "0.1.2",
            "resolved": "https://registry.npmjs.org/isstream/-/isstream-0.1.2.tgz",
            "integrity": "sha1-R+Y/evVa+m+S4VAOaQ64uFKcCZo="
        },
        "jsbn": {
            "version": "0.1.1",
            "resolved": "https://registry.npmjs.org/jsbn/-/jsbn-0.1.1.tgz",
            "integrity": "sha1-peZUwuWi3rXyAdls77yoDA7y9RM=",
            "optional": true
        },
        "json-schema": {
            "version": "0.2.3",
            "resolved": "https://registry.npmjs.org/json-schema/-/json-schema-0.2.3.tgz",
            "integrity": "sha1-tIDIkuWaLwWVTOcnvT8qTogvnhM="
        },
        "json-schema-traverse": {
            "version": "0.3.1",
            "resolved": "https://registry.npmjs.org/json-schema-traverse/-/json-schema-traverse-0.3.1.tgz",
            "integrity": "sha1-NJptRMU6Ud6JtAgFxdXlm0F9M0A="
        },
        "json-stringify-safe": {
            "version": "5.0.1",
            "resolved": "https://registry.npmjs.org/json-stringify-safe/-/json-stringify-safe-5.0.1.tgz",
            "integrity": "sha1-Epai1Y/UXxmg9s4B1lcB4sc1tus="
        },
        "jsonwebtoken": {
            "version": "8.3.0",
            "resolved": "https://registry.npmjs.org/jsonwebtoken/-/jsonwebtoken-8.3.0.tgz",
            "integrity": "sha512-oge/hvlmeJCH+iIz1DwcO7vKPkNGJHhgkspk8OH3VKlw+mbi42WtD4ig1+VXRln765vxptAv+xT26Fd3cteqag==",
            "requires": {
                "jws": "^3.1.5",
                "lodash.includes": "^4.3.0",
                "lodash.isboolean": "^3.0.3",
                "lodash.isinteger": "^4.0.4",
                "lodash.isnumber": "^3.0.3",
                "lodash.isplainobject": "^4.0.6",
                "lodash.isstring": "^4.0.1",
                "lodash.once": "^4.0.0",
                "ms": "^2.1.1"
            }
        },
        "jsprim": {
            "version": "1.4.1",
            "resolved": "https://registry.npmjs.org/jsprim/-/jsprim-1.4.1.tgz",
            "integrity": "sha1-MT5mvB5cwG5Di8G3SZwuXFastqI=",
            "requires": {
                "assert-plus": "1.0.0",
                "extsprintf": "1.3.0",
                "json-schema": "0.2.3",
                "verror": "1.10.0"
            }
        },
        "jwa": {
            "version": "1.1.6",
            "resolved": "https://registry.npmjs.org/jwa/-/jwa-1.1.6.tgz",
            "integrity": "sha512-tBO/cf++BUsJkYql/kBbJroKOgHWEigTKBAjjBEmrMGYd1QMBC74Hr4Wo2zCZw6ZrVhlJPvoMrkcOnlWR/DJfw==",
            "requires": {
                "buffer-equal-constant-time": "1.0.1",
                "ecdsa-sig-formatter": "1.0.10",
                "safe-buffer": "^5.0.1"
            }
        },
        "jws": {
            "version": "3.1.5",
            "resolved": "https://registry.npmjs.org/jws/-/jws-3.1.5.tgz",
            "integrity": "sha512-GsCSexFADNQUr8T5HPJvayTjvPIfoyJPtLQBwn5a4WZQchcrPMPMAWcC1AzJVRDKyD6ZPROPAxgv6rfHViO4uQ==",
            "requires": {
                "jwa": "^1.1.5",
                "safe-buffer": "^5.0.1"
            }
        },
        "lodash": {
            "version": "4.17.10",
            "resolved": "https://registry.npmjs.org/lodash/-/lodash-4.17.10.tgz",
            "integrity": "sha512-UejweD1pDoXu+AD825lWwp4ZGtSwgnpZxb3JDViD7StjQz+Nb/6l093lx4OQ0foGWNRoc19mWy7BzL+UAK2iVg=="
        },
        "lodash.includes": {
            "version": "4.3.0",
            "resolved": "https://registry.npmjs.org/lodash.includes/-/lodash.includes-4.3.0.tgz",
            "integrity": "sha1-YLuYqHy5I8aMoeUTJUgzFISfVT8="
        },
        "lodash.isboolean": {
            "version": "3.0.3",
            "resolved": "https://registry.npmjs.org/lodash.isboolean/-/lodash.isboolean-3.0.3.tgz",
            "integrity": "sha1-bC4XHbKiV82WgC/UOwGyDV9YcPY="
        },
        "lodash.isinteger": {
            "version": "4.0.4",
            "resolved": "https://registry.npmjs.org/lodash.isinteger/-/lodash.isinteger-4.0.4.tgz",
            "integrity": "sha1-YZwK89A/iwTDH1iChAt3sRzWg0M="
        },
        "lodash.isnumber": {
            "version": "3.0.3",
            "resolved": "https://registry.npmjs.org/lodash.isnumber/-/lodash.isnumber-3.0.3.tgz",
            "integrity": "sha1-POdoEMWSjQM1IwGsKHMX8RwLH/w="
        },
        "lodash.isplainobject": {
            "version": "4.0.6",
            "resolved": "https://registry.npmjs.org/lodash.isplainobject/-/lodash.isplainobject-4.0.6.tgz",
            "integrity": "sha1-fFJqUtibRcRcxpC4gWO+BJf1UMs="
        },
        "lodash.isstring": {
            "version": "4.0.1",
            "resolved": "https://registry.npmjs.org/lodash.isstring/-/lodash.isstring-4.0.1.tgz",
            "integrity": "sha1-1SfftUVuynzJu5XV2ur4i6VKVFE="
        },
        "lodash.once": {
            "version": "4.1.1",
            "resolved": "https://registry.npmjs.org/lodash.once/-/lodash.once-4.1.1.tgz",
            "integrity": "sha1-DdOXEhPHxW34gJd9UEyI+0cal6w="
        },
        "mime-db": {
            "version": "1.33.0",
            "resolved": "https://registry.npmjs.org/mime-db/-/mime-db-1.33.0.tgz",
            "integrity": "sha512-BHJ/EKruNIqJf/QahvxwQZXKygOQ256myeN/Ew+THcAa5q+PjyTTMMeNQC4DZw5AwfvelsUrA6B67NKMqXDbzQ=="
        },
        "mime-types": {
            "version": "2.1.18",
            "resolved": "https://registry.npmjs.org/mime-types/-/mime-types-2.1.18.tgz",
            "integrity": "sha512-lc/aahn+t4/SWV/qcmumYjymLsWfN3ELhpmVuUFjgsORruuZPVSwAQryq+HHGvO/SI2KVX26bx+En+zhM8g8hQ==",
            "requires": {
                "mime-db": "~1.33.0"
            }
        },
        "mimic-fn": {
            "version": "1.2.0",
            "resolved": "https://registry.npmjs.org/mimic-fn/-/mimic-fn-1.2.0.tgz",
            "integrity": "sha512-jf84uxzwiuiIVKiOLpfYk7N46TSy8ubTonmneY9vrpHNAnp0QBt2BxWV9dO3/j+BoVAb+a5G6YDPW3M5HOdMWQ=="
        },
        "minimist": {
            "version": "0.0.8",
            "resolved": "https://registry.npmjs.org/minimist/-/minimist-0.0.8.tgz",
            "integrity": "sha1-hX/Kv8M5fSYluCKCYuhqp6ARsF0="
        },
        "mkdirp": {
            "version": "0.5.1",
            "resolved": "https://registry.npmjs.org/mkdirp/-/mkdirp-0.5.1.tgz",
            "integrity": "sha1-MAV0OOrGz3+MR2fzhkjWaX11yQM=",
            "requires": {
                "minimist": "0.0.8"
            }
        },
        "ms": {
            "version": "2.1.1",
            "resolved": "https://registry.npmjs.org/ms/-/ms-2.1.1.tgz",
            "integrity": "sha512-tgp+dl5cGk28utYktBsrFqA7HKgrhgPsg6Z/EfhWI4gl1Hwq8B/GmY/0oXZ6nF8hDVesS/FpnYaD/kOWhYQvyg=="
        },
        "mute-stream": {
            "version": "0.0.7",
            "resolved": "https://registry.npmjs.org/mute-stream/-/mute-stream-0.0.7.tgz",
            "integrity": "sha1-MHXOk7whuPq0PhvE2n6BFe0ee6s="
        },
        "node-ntlm-client": {
            "version": "0.1.2",
            "resolved": "https://registry.npmjs.org/node-ntlm-client/-/node-ntlm-client-0.1.2.tgz",
            "integrity": "sha1-bAXiNLDZGUuwh5kpSYxvE5YshHI=",
            "requires": {
                "extend": "^3.0.0",
                "request": "^2.66.0"
            }
        },
        "node-sp-auth": {
            "version": "2.5.3",
            "resolved": "https://registry.npmjs.org/node-sp-auth/-/node-sp-auth-2.5.3.tgz",
            "integrity": "sha512-5kxOB/wLgS1SdnFs/GpW1ktspHmpV0wtGHaRQirBaNdbLiVektsEcuxoEzlB5CHgHMy/Vs71XeIWqOpz01+Oaw==",
            "requires": {
                "@types/bluebird": "^3.5.8",
                "@types/cookie": "^0.1.29",
                "@types/core-js": "^0.9.34",
                "@types/jsonwebtoken": "^7.2.3",
                "@types/lodash": "^4.14.69",
                "@types/node": "^6.0.45",
                "@types/request": "^2.47.0",
                "@types/request-promise": "^4.1.41",
                "bluebird": "^3.4.6",
                "cookie": "^0.3.1",
                "cpass": "^2.0.0",
                "jsonwebtoken": "^8.3.0",
                "lodash": "^4.17.4",
                "node-ntlm-client": "0.1.2",
                "node-sp-auth-config": "^2.4.5",
                "request": "^2.75.0",
                "request-promise": "^4.1.1",
                "xmldoc": "^0.5.1"
            }
        },
        "node-sp-auth-config": {
            "version": "2.5.3",
            "resolved": "https://registry.npmjs.org/node-sp-auth-config/-/node-sp-auth-config-2.5.3.tgz",
            "integrity": "sha512-QAj0bOtDYVme8tMx0Q1aE74/YulftGZO6IDFlmhQr4FEYoQMLS9IEJSIu+AAbkpo70bTtcyLY/rx47DE9pZIjA==",
            "requires": {
                "colors": "^1.3.0",
                "commander": "^2.16.0",
                "cpass": "^2.0.4",
                "inquirer": "^6.0.0",
                "mkdirp": "^0.5.1",
                "node-sp-auth": "^2.5.2"
            }
        },
        "oauth-sign": {
            "version": "0.8.2",
            "resolved": "https://registry.npmjs.org/oauth-sign/-/oauth-sign-0.8.2.tgz",
            "integrity": "sha1-Rqarfwrq2N6unsBWV4C31O/rnUM="
        },
        "onetime": {
            "version": "2.0.1",
            "resolved": "https://registry.npmjs.org/onetime/-/onetime-2.0.1.tgz",
            "integrity": "sha1-BnQoIw/WdEOyeUsiu6UotoZ5YtQ=",
            "requires": {
                "mimic-fn": "^1.0.0"
            }
        },
        "os": {
            "version": "0.1.1",
            "resolved": "https://registry.npmjs.org/os/-/os-0.1.1.tgz",
            "integrity": "sha1-IIhF6J4ZOtTZcUdLk5R3NqVtE/M="
        },
        "os-tmpdir": {
            "version": "1.0.2",
            "resolved": "https://registry.npmjs.org/os-tmpdir/-/os-tmpdir-1.0.2.tgz",
            "integrity": "sha1-u+Z0BseaqFxc/sdm/lc0VV36EnQ="
        },
        "performance-now": {
            "version": "2.1.0",
            "resolved": "https://registry.npmjs.org/performance-now/-/performance-now-2.1.0.tgz",
            "integrity": "sha1-Ywn04OX6kT7BxpMHrjZLSzd8nns="
        },
        "punycode": {
            "version": "1.4.1",
            "resolved": "https://registry.npmjs.org/punycode/-/punycode-1.4.1.tgz",
            "integrity": "sha1-wNWmOycYgArY4esPpSachN1BhF4="
        },
        "qs": {
            "version": "6.5.2",
            "resolved": "https://registry.npmjs.org/qs/-/qs-6.5.2.tgz",
            "integrity": "sha512-N5ZAX4/LxJmF+7wN74pUD6qAh9/wnvdQcjq9TZjevvXzSUo7bfmw91saqMjzGS2xq91/odN2dW/WOl7qQHNDGA=="
        },
        "request": {
            "version": "2.87.0",
            "resolved": "https://registry.npmjs.org/request/-/request-2.87.0.tgz",
            "integrity": "sha512-fcogkm7Az5bsS6Sl0sibkbhcKsnyon/jV1kF3ajGmF0c8HrttdKTPRT9hieOaQHA5HEq6r8OyWOo/o781C1tNw==",
            "requires": {
                "aws-sign2": "~0.7.0",
                "aws4": "^1.6.0",
                "caseless": "~0.12.0",
                "combined-stream": "~1.0.5",
                "extend": "~3.0.1",
                "forever-agent": "~0.6.1",
                "form-data": "~2.3.1",
                "har-validator": "~5.0.3",
                "http-signature": "~1.2.0",
                "is-typedarray": "~1.0.0",
                "isstream": "~0.1.2",
                "json-stringify-safe": "~5.0.1",
                "mime-types": "~2.1.17",
                "oauth-sign": "~0.8.2",
                "performance-now": "^2.1.0",
                "qs": "~6.5.1",
                "safe-buffer": "^5.1.1",
                "tough-cookie": "~2.3.3",
                "tunnel-agent": "^0.6.0",
                "uuid": "^3.1.0"
            }
        },
        "request-promise": {
            "version": "4.2.2",
            "resolved": "https://registry.npmjs.org/request-promise/-/request-promise-4.2.2.tgz",
            "integrity": "sha1-0epG1lSm7k+O5qT+oQGMIpEZBLQ=",
            "requires": {
                "bluebird": "^3.5.0",
                "request-promise-core": "1.1.1",
                "stealthy-require": "^1.1.0",
                "tough-cookie": ">=2.3.3"
            }
        },
        "request-promise-core": {
            "version": "1.1.1",
            "resolved": "https://registry.npmjs.org/request-promise-core/-/request-promise-core-1.1.1.tgz",
            "integrity": "sha1-Pu4AssWqgyOc+wTFcA2jb4HNCLY=",
            "requires": {
                "lodash": "^4.13.1"
            }
        },
        "restore-cursor": {
            "version": "2.0.0",
            "resolved": "https://registry.npmjs.org/restore-cursor/-/restore-cursor-2.0.0.tgz",
            "integrity": "sha1-n37ih/gv0ybU/RYpI9YhKe7g368=",
            "requires": {
                "onetime": "^2.0.0",
                "signal-exit": "^3.0.2"
            }
        },
        "run-async": {
            "version": "2.3.0",
            "resolved": "https://registry.npmjs.org/run-async/-/run-async-2.3.0.tgz",
            "integrity": "sha1-A3GrSuC91yDUFm19/aZP96RFpsA=",
            "requires": {
                "is-promise": "^2.1.0"
            }
        },
        "rxjs": {
            "version": "6.2.1",
            "resolved": "https://registry.npmjs.org/rxjs/-/rxjs-6.2.1.tgz",
            "integrity": "sha512-OwMxHxmnmHTUpgO+V7dZChf3Tixf4ih95cmXjzzadULziVl/FKhHScGLj4goEw9weePVOH2Q0+GcCBUhKCZc/g==",
            "requires": {
                "tslib": "^1.9.0"
            }
        },
        "safe-buffer": {
            "version": "5.1.2",
            "resolved": "https://registry.npmjs.org/safe-buffer/-/safe-buffer-5.1.2.tgz",
            "integrity": "sha512-Gd2UZBJDkXlY7GbJxfsE8/nvKkUEU1G38c1siN6QP6a9PT9MmHB8GnpscSmMJSoF8LOIrt8ud/wPtojys4G6+g=="
        },
        "safer-buffer": {
            "version": "2.1.2",
            "resolved": "https://registry.npmjs.org/safer-buffer/-/safer-buffer-2.1.2.tgz",
            "integrity": "sha512-YZo3K82SD7Riyi0E1EQPojLz7kpepnSQI9IyPbHHg1XXXevb5dJI7tpyN2ADxGcQbHG7vcyRHk0cbwqcQriUtg=="
        },
        "sax": {
            "version": "1.1.6",
            "resolved": "https://registry.npmjs.org/sax/-/sax-1.1.6.tgz",
            "integrity": "sha1-XWFr6KXmB9VOEUr65Vt+ry/MMkA="
        },
        "scmp": {
            "version": "2.0.0",
            "resolved": "https://registry.npmjs.org/scmp/-/scmp-2.0.0.tgz",
            "integrity": "sha1-JHEQ7yLM+JexOj8KvdtSeCOTzWo="
        },
        "signal-exit": {
            "version": "3.0.2",
            "resolved": "https://registry.npmjs.org/signal-exit/-/signal-exit-3.0.2.tgz",
            "integrity": "sha1-tf3AjxKH6hF4Yo5BXiUTK3NkbG0="
        },
        "simple-encryptor": {
            "version": "1.4.0",
            "resolved": "https://registry.npmjs.org/simple-encryptor/-/simple-encryptor-1.4.0.tgz",
            "integrity": "sha512-g7UhXQ6flzimqzoaDqjGl5hBh4/+tJ4dtAIHaWhO9gtt+GkLRb3F/Xjv//XORFstkNxA+CFVzZJCLhs24NmrSQ==",
            "requires": {
                "scmp": "2.0.0"
            }
        },
        "sshpk": {
            "version": "1.14.2",
            "resolved": "https://registry.npmjs.org/sshpk/-/sshpk-1.14.2.tgz",
            "integrity": "sha1-xvxhZIo9nE52T9P8306hBeSSupg=",
            "requires": {
                "asn1": "~0.2.3",
                "assert-plus": "^1.0.0",
                "bcrypt-pbkdf": "^1.0.0",
                "dashdash": "^1.12.0",
                "ecc-jsbn": "~0.1.1",
                "getpass": "^0.1.1",
                "jsbn": "~0.1.0",
                "safer-buffer": "^2.0.2",
                "tweetnacl": "~0.14.0"
            }
        },
        "stealthy-require": {
            "version": "1.1.1",
            "resolved": "https://registry.npmjs.org/stealthy-require/-/stealthy-require-1.1.1.tgz",
            "integrity": "sha1-NbCYdbT/SfJqd35QmzCQoyJr8ks="
        },
        "string-width": {
            "version": "2.1.1",
            "resolved": "https://registry.npmjs.org/string-width/-/string-width-2.1.1.tgz",
            "integrity": "sha512-nOqH59deCq9SRHlxq1Aw85Jnt4w6KvLKqWVik6oA9ZklXLNIOlqg4F2yrT1MVaTjAqvVwdfeZ7w7aCvJD7ugkw==",
            "requires": {
                "is-fullwidth-code-point": "^2.0.0",
                "strip-ansi": "^4.0.0"
            }
        },
        "strip-ansi": {
            "version": "4.0.0",
            "resolved": "https://registry.npmjs.org/strip-ansi/-/strip-ansi-4.0.0.tgz",
            "integrity": "sha1-qEeQIusaw2iocTibY1JixQXuNo8=",
            "requires": {
                "ansi-regex": "^3.0.0"
            }
        },
        "supports-color": {
            "version": "5.4.0",
            "resolved": "https://registry.npmjs.org/supports-color/-/supports-color-5.4.0.tgz",
            "integrity": "sha512-zjaXglF5nnWpsq470jSv6P9DwPvgLkuapYmfDm3JWOm0vkNTVF2tI4UrN2r6jH1qM/uc/WtxYY1hYoA2dOKj5w==",
            "requires": {
                "has-flag": "^3.0.0"
            }
        },
        "through": {
            "version": "2.3.8",
            "resolved": "https://registry.npmjs.org/through/-/through-2.3.8.tgz",
            "integrity": "sha1-DdTJ/6q8NXlgsbckEV1+Doai4fU="
        },
        "tmp": {
            "version": "0.0.33",
            "resolved": "https://registry.npmjs.org/tmp/-/tmp-0.0.33.tgz",
            "integrity": "sha512-jRCJlojKnZ3addtTOjdIqoRuPEKBvNXcGYqzO6zWZX8KfKEpnGY5jfggJQ3EjKuu8D4bJRr0y+cYJFmYbImXGw==",
            "requires": {
                "os-tmpdir": "~1.0.2"
            }
        },
        "tough-cookie": {
            "version": "2.3.3",
            "resolved": "https://registry.npmjs.org/tough-cookie/-/tough-cookie-2.3.3.tgz",
            "integrity": "sha1-C2GKVWW23qkL80JdBNVe3EdadWE=",
            "requires": {
                "punycode": "^1.4.1"
            }
        },
        "tslib": {
            "version": "1.9.3",
            "resolved": "https://registry.npmjs.org/tslib/-/tslib-1.9.3.tgz",
            "integrity": "sha512-4krF8scpejhaOgqzBEcGM7yDIEfi0/8+8zDRZhNZZ2kjmHJ4hv3zCbQWxoJGz1iw5U0Jl0nma13xzHXcncMavQ=="
        },
        "tunnel-agent": {
            "version": "0.6.0",
            "resolved": "https://registry.npmjs.org/tunnel-agent/-/tunnel-agent-0.6.0.tgz",
            "integrity": "sha1-J6XeoGs2sEoKmWZ3SykIaPD8QP0=",
            "requires": {
                "safe-buffer": "^5.0.1"
            }
        },
        "tweetnacl": {
            "version": "0.14.5",
            "resolved": "https://registry.npmjs.org/tweetnacl/-/tweetnacl-0.14.5.tgz",
            "integrity": "sha1-WuaBd/GS1EViadEIr6k/+HQ/T2Q=",
            "optional": true
        },
        "uuid": {
            "version": "3.3.2",
            "resolved": "https://registry.npmjs.org/uuid/-/uuid-3.3.2.tgz",
            "integrity": "sha512-yXJmeNaw3DnnKAOKJE51sL/ZaYfWJRl1pK9dr19YFCu0ObS231AB1/LbqTKRAQ5kw8A90rA6fr4riOUpTZvQZA=="
        },
        "verror": {
            "version": "1.10.0",
            "resolved": "https://registry.npmjs.org/verror/-/verror-1.10.0.tgz",
            "integrity": "sha1-OhBcoXBTr1XW4nDB+CiGguGNpAA=",
            "requires": {
                "assert-plus": "^1.0.0",
                "core-util-is": "1.0.2",
                "extsprintf": "^1.2.0"
            }
        },
        "xmldoc": {
            "version": "0.5.1",
            "resolved": "https://registry.npmjs.org/xmldoc/-/xmldoc-0.5.1.tgz",
            "integrity": "sha1-kuQ36QDb/wRFDvrpDTyl8WVl9zg=",
            "requires": {
                "sax": "~1.1.1"
            }
        }
    }
}
